{
  "requires": true,
  "lockfileVersion": 1,
  "dependencies": {
    "frappe-charts": {
      "version": "1.5.2",
      "resolved": "https://registry.npmjs.org/frappe-charts/-/frappe-charts-1.5.2.tgz",
      "integrity": "sha512-e//lw86slhJ560YenTqUCHSV9pJVYn1p2fPGu4OGFSIjWcWQ1ydhSqjTIoJu1OhU/HPCGUhlWGmTq3Ln2BS5IA=="
    },
    "svelte": {
      "version": "3.24.0",
      "resolved": "https://registry.npmjs.org/svelte/-/svelte-3.24.0.tgz",
      "integrity": "sha512-VFXom6EP2DK83kxy4ZlBbaZklSbZIrpNH3oNXlPYHJUuW4q1OuAr3ZoYbfIVTVYPDgrI7Yq0gQcOhDlAtO4qfw=="
    },
    "svelte-frappe-charts": {
      "version": "1.2.0",
      "resolved": "https://registry.npmjs.org/svelte-frappe-charts/-/svelte-frappe-charts-1.2.0.tgz",
      "integrity": "sha512-lfnuLMuW2J50ir61gVCfKELl/6Up7at6oUMqS+BaGsw1YAOYhlooxalvY/IbuyS1FFvBNXo1fXKLnUfa/ZlO+A==",
      "requires": {
        "frappe-charts": "^1.4.1",
        "svelte": "^3.22.3"
      }
    }
  }
}
